
Microsoft Visual Studio Solution File, Format Version 12.00
# Visual Studio Version 17
VisualStudioVersion = 17.0.31903.59
MinimumVisualStudioVersion = 10.0.40219.1
Project("{2150E333-8FDC-42A3-9474-1A3956D46DE8}") = "src", "src", "{B615363E-048D-4D1D-92FF-39EB7E292003}"
EndProject
Project("{FAE04EC0-301F-11D3-BF4B-00C04F79EFBC}") = "Sona.Domain", "src\Sona.Domain\Sona.Domain.csproj", "{CF380C43-79CA-41B0-B5BF-C16432823BD9}"
EndProject
Project("{FAE04EC0-301F-11D3-BF4B-00C04F79EFBC}") = "Sona.Application", "src\Sona.Application\Sona.Application.csproj", "{02E949C1-DEF6-4367-B0C2-27682D4C18FC}"
EndProject
Project("{FAE04EC0-301F-11D3-BF4B-00C04F79EFBC}") = "Sona.Infrastructure", "src\Sona.Infrastructure\Sona.Infrastructure.csproj", "{D2C82327-00AC-4E16-B59E-54047E6ECF44}"
EndProject
Project("{FAE04EC0-301F-11D3-BF4B-00C04F79EFBC}") = "Sona.App", "src\Sona.App\Sona.App.csproj", "{2B057FEC-8ADC-4232-BB42-85CD4B2CAD81}"
EndProject
Global
	GlobalSection(SolutionConfigurationPlatforms) = preSolution
		Debug|Any CPU = Debug|Any CPU
		Release|Any CPU = Release|Any CPU
	EndGlobalSection
	GlobalSection(SolutionProperties) = preSolution
		HideSolutionNode = FALSE
	EndGlobalSection
	GlobalSection(ProjectConfigurationPlatforms) = postSolution
		{CF380C43-79CA-41B0-B5BF-C16432823BD9}.Debug|Any CPU.ActiveCfg = Debug|Any CPU
		{CF380C43-79CA-41B0-B5BF-C16432823BD9}.Debug|Any CPU.Build.0 = Debug|Any CPU
		{CF380C43-79CA-41B0-B5BF-C16432823BD9}.Release|Any CPU.ActiveCfg = Release|Any CPU
		{CF380C43-79CA-41B0-B5BF-C16432823BD9}.Release|Any CPU.Build.0 = Release|Any CPU
		{02E949C1-DEF6-4367-B0C2-27682D4C18FC}.Debug|Any CPU.ActiveCfg = Debug|Any CPU
		{02E949C1-DEF6-4367-B0C2-27682D4C18FC}.Debug|Any CPU.Build.0 = Debug|Any CPU
		{02E949C1-DEF6-4367-B0C2-27682D4C18FC}.Release|Any CPU.ActiveCfg = Release|Any CPU
		{02E949C1-DEF6-4367-B0C2-27682D4C18FC}.Release|Any CPU.Build.0 = Release|Any CPU
		{D2C82327-00AC-4E16-B59E-54047E6ECF44}.Debug|Any CPU.ActiveCfg = Debug|Any CPU
		{D2C82327-00AC-4E16-B59E-54047E6ECF44}.Debug|Any CPU.Build.0 = Debug|Any CPU
		{D2C82327-00AC-4E16-B59E-54047E6ECF44}.Release|Any CPU.ActiveCfg = Release|Any CPU
		{D2C82327-00AC-4E16-B59E-54047E6ECF44}.Release|Any CPU.Build.0 = Release|Any CPU
		{2B057FEC-8ADC-4232-BB42-85CD4B2CAD81}.Debug|Any CPU.ActiveCfg = Debug|Any CPU
		{2B057FEC-8ADC-4232-BB42-85CD4B2CAD81}.Debug|Any CPU.Build.0 = Debug|Any CPU
		{2B057FEC-8ADC-4232-BB42-85CD4B2CAD81}.Release|Any CPU.ActiveCfg = Release|Any CPU
		{2B057FEC-8ADC-4232-BB42-85CD4B2CAD81}.Release|Any CPU.Build.0 = Release|Any CPU
	EndGlobalSection
	GlobalSection(NestedProjects) = preSolution
		{CF380C43-79CA-41B0-B5BF-C16432823BD9} = {B615363E-048D-4D1D-92FF-39EB7E292003}
		{02E949C1-DEF6-4367-B0C2-27682D4C18FC} = {B615363E-048D-4D1D-92FF-39EB7E292003}
		{D2C82327-00AC-4E16-B59E-54047E6ECF44} = {B615363E-048D-4D1D-92FF-39EB7E292003}
		{2B057FEC-8ADC-4232-BB42-85CD4B2CAD81} = {B615363E-048D-4D1D-92FF-39EB7E292003}
	EndGlobalSection
EndGlobal
